
Microsoft Visual Studio Solution File, Format Version 12.00
# Visual Studio Version 16
VisualStudioVersion = 16.0.28803.452
MinimumVisualStudioVersion = 10.0.40219.1
Project("{9A19103F-16F7-4668-BE54-9A1E7A4F7556}") = "Cooking", "Cooking\Cooking.csproj", "{4D228515-98EC-40EE-92D7-19AAC6429A31}"
EndProject
Global
	GlobalSection(SolutionConfigurationPlatforms) = preSolution
		Debug|Any CPU = Debug|Any CPU
		Release|Any CPU = Release|Any CPU
	EndGlobalSection
	GlobalSection(ProjectConfigurationPlatforms) = postSolution
		{4D228515-98EC-40EE-92D7-19AAC6429A31}.Debug|Any CPU.ActiveCfg = Debug|Any CPU
		{4D228515-98EC-40EE-92D7-19AAC6429A31}.Debug|Any CPU.Build.0 = Debug|Any CPU
		{4D228515-98EC-40EE-92D7-19AAC6429A31}.Release|Any CPU.ActiveCfg = Release|Any CPU
		{4D228515-98EC-40EE-92D7-19AAC6429A31}.Release|Any CPU.Build.0 = Release|Any CPU
	EndGlobalSection
	GlobalSection(SolutionProperties) = preSolution
		HideSolutionNode = FALSE
	EndGlobalSection
	GlobalSection(ExtensibilityGlobals) = postSolution
		SolutionGuid = {03AF1C9D-FCCB-4F68-8A7D-72E613C93BA2}
	EndGlobalSection
EndGlobal
